PODS:
  - LTMorphingLabel (0.5.0)
  - PMSuperButton (1.0.0)

DEPENDENCIES:
  - LTMorphingLabel (~> 0.5)
  - PMSuperButton (~> 1.0)

SPEC CHECKSUMS:
  LTMorphingLabel: bc170be74b219b7dae0e5543a44676d16da70ff7
  PMSuperButton: e107f6817c0e001155af6cfce24da6a708cd8215

PODFILE CHECKSUM: 1d4d6b1a01969878413d04898e4ab6db6ec0947a

COCOAPODS: 1.2.1
